// !$*UTF8*$!
{
	archiveVersion = 1;
	classes = {
	};
	objectVersion = 46;
	objects = {

/* Begin PBXBuildFile section */
		FB7964EE1EF25CF90047152B /* AppDelegate.swift in Sources */ = {isa = PBXBuildFile; fileRef = FB7964ED1EF25CF90047152B /* AppDelegate.swift */; };
		FB7964F01EF25CF90047152B /* ViewController.swift in Sources */ = {isa = PBXBuildFile; fileRef = FB7964EF1EF25CF90047152B /* ViewController.swift */; };
		FB7964F31EF25CF90047152B /* Main.storyboard in Resources */ = {isa = PBXBuildFile; fileRef = FB7964F11EF25CF90047152B /* Main.storyboard */; };
		FB7964F51EF25CF90047152B /* Assets.xcassets in Resources */ = {isa = PBXBuildFile; fileRef = FB7964F41EF25CF90047152B /* Assets.xcassets */; };
		FB7964F81EF25CF90047152B /* LaunchScreen.storyboard in Resources */ = {isa = PBXBuildFile; fileRef = FB7964F61EF25CF90047152B /* LaunchScreen.storyboard */; };
		FB7965001EF27DFE0047152B /* AddNewUserViewController.swift in Sources */ = {isa = PBXBuildFile; fileRef = FB7964FF1EF27DFE0047152B /* AddNewUserViewController.swift */; };
		FB7965021EF281E10047152B /* IMG_9900.jpg in Resources */ = {isa = PBXBuildFile; fileRef = FB7965011EF281E10047152B /* IMG_9900.jpg */; };
		FB7965061EF285910047152B /* ic_note_add_2x.png in Resources */ = {isa = PBXBuildFile; fileRef = FB7965031EF285910047152B /* ic_note_add_2x.png */; };
		FB7965071EF285910047152B /* ic_note_add_3x.png in Resources */ = {isa = PBXBuildFile; fileRef = FB7965041EF285910047152B /* ic_note_add_3x.png */; };
		FB7965081EF285910047152B /* ic_note_add.png in Resources */ = {isa = PBXBuildFile; fileRef = FB7965051EF285910047152B /* ic_note_add.png */; };
		FB79650C1EF288BC0047152B /* ic_keyboard_arrow_left_2x.png in Resources */ = {isa = PBXBuildFile; fileRef = FB7965091EF288BC0047152B /* ic_keyboard_arrow_left_2x.png */; };
		FB79650D1EF288BC0047152B /* ic_keyboard_arrow_left_3x.png in Resources */ = {isa = PBXBuildFile; fileRef = FB79650A1EF288BC0047152B /* ic_keyboard_arrow_left_3x.png */; };
		FB79650E1EF288BC0047152B /* ic_keyboard_arrow_left.png in Resources */ = {isa = PBXBuildFile; fileRef = FB79650B1EF288BC0047152B /* ic_keyboard_arrow_left.png */; };
/* End PBXBuildFile section */

/* Begin PBXFileReference section */
		FB7964EA1EF25CF90047152B /* My Service.app */ = {isa = PBXFileReference; explicitFileType = wrapper.application; includeInIndex = 0; path = "My Service.app"; sourceTree = BUILT_PRODUCTS_DIR; };
		FB7964ED1EF25CF90047152B /* AppDelegate.swift */ = {isa = PBXFileReference; lastKnownFileType = sourcecode.swift; path = AppDelegate.swift; sourceTree = "<group>"; };
		FB7964EF1EF25CF90047152B /* ViewController.swift */ = {isa = PBXFileReference; lastKnownFileType = sourcecode.swift; path = ViewController.swift; sourceTree = "<group>"; };
		FB7964F21EF25CF90047152B /* Base */ = {isa = PBXFileReference; lastKnownFileType = file.storyboard; name = Base; path = Base.lproj/Main.storyboard; sourceTree = "<group>"; };
		FB7964F41EF25CF90047152B /* Assets.xcassets */ = {isa = PBXFileReference; lastKnownFileType = folder.assetcatalog; path = Assets.xcassets; sourceTree = "<group>"; };
		FB7964F71EF25CF90047152B /* Base */ = {isa = PBXFileReference; lastKnownFileType = file.storyboard; name = Base; path = Base.lproj/LaunchScreen.storyboard; sourceTree = "<group>"; };
		FB7964F91EF25CF90047152B /* Info.plist */ = {isa = PBXFileReference; lastKnownFileType = text.plist.xml; path = Info.plist; sourceTree = "<group>"; };
		FB7964FF1EF27DFE0047152B /* AddNewUserViewController.swift */ = {isa = PBXFileReference; fileEncoding = 4; lastKnownFileType = sourcecode.swift; path = AddNewUserViewController.swift; sourceTree = "<group>"; };
		FB7965011EF281E10047152B /* IMG_9900.jpg */ = {isa = PBXFileReference; lastKnownFileType = image.jpeg; name = IMG_9900.jpg; path = ../../../../Desktop/IMG_9900.jpg; sourceTree = "<group>"; };
		FB7965031EF285910047152B /* ic_note_add_2x.png */ = {isa = PBXFileReference; lastKnownFileType = image.png; name = ic_note_add_2x.png; path = ../../../../Desktop/ic_note_add_2x.png; sourceTree = "<group>"; };
		FB7965041EF285910047152B /* ic_note_add_3x.png */ = {isa = PBXFileReference; lastKnownFileType = image.png; name = ic_note_add_3x.png; path = ../../../../Desktop/ic_note_add_3x.png; sourceTree = "<group>"; };
		FB7965051EF285910047152B /* ic_note_add.png */ = {isa = PBXFileReference; lastKnownFileType = image.png; name = ic_note_add.png; path = ../../../../Desktop/ic_note_add.png; sourceTree = "<group>"; };
		FB7965091EF288BC0047152B /* ic_keyboard_arrow_left_2x.png */ = {isa = PBXFileReference; lastKnownFileType = image.png; name = ic_keyboard_arrow_left_2x.png; path = ../../../../Desktop/ic_keyboard_arrow_left_2x.png; sourceTree = "<group>"; };
		FB79650A1EF288BC0047152B /* ic_keyboard_arrow_left_3x.png */ = {isa = PBXFileReference; lastKnownFileType = image.png; name = ic_keyboard_arrow_left_3x.png; path = ../../../../Desktop/ic_keyboard_arrow_left_3x.png; sourceTree = "<group>"; };
		FB79650B1EF288BC0047152B /* ic_keyboard_arrow_left.png */ = {isa = PBXFileReference; lastKnownFileType = image.png; name = ic_keyboard_arrow_left.png; path = ../../../../Desktop/ic_keyboard_arrow_left.png; sourceTree = "<group>"; };
/* End PBXFileReference section */

/* Begin PBXFrameworksBuildPhase section */
		FB7964E71EF25CF90047152B /* Frameworks */ = {
			isa = PBXFrameworksBuildPhase;
			buildActionMask = 2147483647;
			files = (
			);
			runOnlyForDeploymentPostprocessing = 0;
		};
/* End PBXFrameworksBuildPhase section */

/* Begin PBXGroup section */
		FB7964E11EF25CF90047152B = {
			isa = PBXGroup;
			children = (
				FB7964EC1EF25CF90047152B /* My Service */,
				FB7964EB1EF25CF90047152B /* Products */,
			);
			sourceTree = "<group>";
		};
		FB7964EB1EF25CF90047152B /* Products */ = {
			isa = PBXGroup;
			children = (
				FB7964EA1EF25CF90047152B /* My Service.app */,
			);
			name = Products;
			sourceTree = "<group>";
		};
		FB7964EC1EF25CF90047152B /* My Service */ = {
			isa = PBXGroup;
			children = (
				FB7964ED1EF25CF90047152B /* AppDelegate.swift */,
				FB7964EF1EF25CF90047152B /* ViewController.swift */,
				FB7965091EF288BC0047152B /* ic_keyboard_arrow_left_2x.png */,
				FB79650A1EF288BC0047152B /* ic_keyboard_arrow_left_3x.png */,
				FB79650B1EF288BC0047152B /* ic_keyboard_arrow_left.png */,
				FB7965011EF281E10047152B /* IMG_9900.jpg */,
				FB7965031EF285910047152B /* ic_note_add_2x.png */,
				FB7965041EF285910047152B /* ic_note_add_3x.png */,
				FB7965051EF285910047152B /* ic_note_add.png */,
				FB7964FF1EF27DFE0047152B /* AddNewUserViewController.swift */,
				FB7964F11EF25CF90047152B /* Main.storyboard */,
				FB7964F41EF25CF90047152B /* Assets.xcassets */,
				FB7964F61EF25CF90047152B /* LaunchScreen.storyboard */,
				FB7964F91EF25CF90047152B /* Info.plist */,
			);
			path = "My Service";
			sourceTree = "<group>";
		};
/* End PBXGroup section */

/* Begin PBXNativeTarget section */
		FB7964E91EF25CF90047152B /* My Service */ = {
			isa = PBXNativeTarget;
			buildConfigurationList = FB7964FC1EF25CF90047152B /* Build configuration list for PBXNativeTarget "My Service" */;
			buildPhases = (
				FB7964E61EF25CF90047152B /* Sources */,
				FB7964E71EF25CF90047152B /* Frameworks */,
				FB7964E81EF25CF90047152B /* Resources */,
			);
			buildRules = (
			);
			dependencies = (
			);
			name = "My Service";
			productName = "My Service";
			productReference = FB7964EA1EF25CF90047152B /* My Service.app */;
			productType = "com.apple.product-type.application";
		};
/* End PBXNativeTarget section */

/* Begin PBXProject section */
		FB7964E21EF25CF90047152B /* Project object */ = {
			isa = PBXProject;
			attributes = {
				LastSwiftUpdateCheck = 0830;
				LastUpgradeCheck = 0830;
				ORGANIZATIONNAME = SNRU;
				TargetAttributes = {
					FB7964E91EF25CF90047152B = {
						CreatedOnToolsVersion = 8.3.3;
						ProvisioningStyle = Automatic;
					};
				};
			};
			buildConfigurationList = FB7964E51EF25CF90047152B /* Build configuration list for PBXProject "My Service" */;
			compatibilityVersion = "Xcode 3.2";
			developmentRegion = English;
			hasScannedForEncodings = 0;
			knownRegions = (
				en,
				Base,
			);
			mainGroup = FB7964E11EF25CF90047152B;
			productRefGroup = FB7964EB1EF25CF90047152B /* Products */;
			projectDirPath = "";
			projectRoot = "";
			targets = (
				FB7964E91EF25CF90047152B /* My Service */,
			);
		};
/* End PBXProject section */

/* Begin PBXResourcesBuildPhase section */
		FB7964E81EF25CF90047152B /* Resources */ = {
			isa = PBXResourcesBuildPhase;
			buildActionMask = 2147483647;
			files = (
				FB7965081EF285910047152B /* ic_note_add.png in Resources */,
				FB79650C1EF288BC0047152B /* ic_keyboard_arrow_left_2x.png in Resources */,
				FB7964F81EF25CF90047152B /* LaunchScreen.storyboard in Resources */,
				FB7965061EF285910047152B /* ic_note_add_2x.png in Resources */,
				FB7965071EF285910047152B /* ic_note_add_3x.png in Resources */,
				FB79650E1EF288BC0047152B /* ic_keyboard_arrow_left.png in Resources */,
				FB79650D1EF288BC0047152B /* ic_keyboard_arrow_left_3x.png in Resources */,
				FB7965021EF281E10047152B /* IMG_9900.jpg in Resources */,
				FB7964F51EF25CF90047152B /* Assets.xcassets in Resources */,
				FB7964F31EF25CF90047152B /* Main.storyboard in Resources */,
			);
			runOnlyForDeploymentPostprocessing = 0;
		};
/* End PBXResourcesBuildPhase section */

/* Begin PBXSourcesBuildPhase section */
		FB7964E61EF25CF90047152B /* Sources */ = {
			isa = PBXSourcesBuildPhase;
			buildActionMask = 2147483647;
			files = (
				FB7964F01EF25CF90047152B /* ViewController.swift in Sources */,
				FB7965001EF27DFE0047152B /* AddNewUserViewController.swift in Sources */,
				FB7964EE1EF25CF90047152B /* AppDelegate.swift in Sources */,
			);
			runOnlyForDeploymentPostprocessing = 0;
		};
/* End PBXSourcesBuildPhase section */

/* Begin PBXVariantGroup section */
		FB7964F11EF25CF90047152B /* Main.storyboard */ = {
			isa = PBXVariantGroup;
			children = (
				FB7964F21EF25CF90047152B /* Base */,
			);
			name = Main.storyboard;
			sourceTree = "<group>";
		};
		FB7964F61EF25CF90047152B /* LaunchScreen.storyboard */ = {
			isa = PBXVariantGroup;
			children = (
				FB7964F71EF25CF90047152B /* Base */,
			);
			name = LaunchScreen.storyboard;
			sourceTree = "<group>";
		};
/* End PBXVariantGroup section */

/* Begin XCBuildConfiguration section */
		FB7964FA1EF25CF90047152B /* Debug */ = {
			isa = XCBuildConfiguration;
			buildSettings = {
				ALWAYS_SEARCH_USER_PATHS = NO;
				CLANG_ANALYZER_NONNULL = YES;
				CLANG_ANALYZER_NUMBER_OBJECT_CONVERSION = YES_AGGRESSIVE;
				CLANG_CXX_LANGUAGE_STANDARD = "gnu++0x";
				CLANG_CXX_LIBRARY = "libc++";
				CLANG_ENABLE_MODULES = YES;
				CLANG_ENABLE_OBJC_ARC = YES;
				CLANG_WARN_BOOL_CONVERSION = YES;
				CLANG_WARN_CONSTANT_CONVERSION = YES;
				CLANG_WARN_DIRECT_OBJC_ISA_USAGE = YES_ERROR;
				CLANG_WARN_DOCUMENTATION_COMMENTS = YES;
				CLANG_WARN_EMPTY_BODY = YES;
				CLANG_WARN_ENUM_CONVERSION = YES;
				CLANG_WARN_INFINITE_RECURSION = YES;
				CLANG_WARN_INT_CONVERSION = YES;
				CLANG_WARN_OBJC_ROOT_CLASS = YES_ERROR;
				CLANG_WARN_SUSPICIOUS_MOVE = YES;
				CLANG_WARN_UNREACHABLE_CODE = YES;
				CLANG_WARN__DUPLICATE_METHOD_MATCH = YES;
				"CODE_SIGN_IDENTITY[sdk=iphoneos*]" = "iPhone Developer";
				COPY_PHASE_STRIP = NO;
				DEBUG_INFORMATION_FORMAT = dwarf;
				ENABLE_STRICT_OBJC_MSGSEND = YES;
				ENABLE_TESTABILITY = YES;
				GCC_C_LANGUAGE_STANDARD = gnu99;
				GCC_DYNAMIC_NO_PIC = NO;
				GCC_NO_COMMON_BLOCKS = YES;
				GCC_OPTIMIZATION_LEVEL = 0;
				GCC_PREPROCESSOR_DEFINITIONS = (
					"DEBUG=1",
					"$(inherited)",
				);
				GCC_WARN_64_TO_32_BIT_CONVERSION = YES;
				GCC_WARN_ABOUT_RETURN_TYPE = YES_ERROR;
				GCC_WARN_UNDECLARED_SELECTOR = YES;
				GCC_WARN_UNINITIALIZED_AUTOS = YES_AGGRESSIVE;
				GCC_WARN_UNUSED_FUNCTION = YES;
				GCC_WARN_UNUSED_VARIABLE = YES;
				IPHONEOS_DEPLOYMENT_TARGET = 10.3;
				MTL_ENABLE_DEBUG_INFO = YES;
				ONLY_ACTIVE_ARCH = YES;
				SDKROOT = iphoneos;
				SWIFT_ACTIVE_COMPILATION_CONDITIONS = DEBUG;
				SWIFT_OPTIMIZATION_LEVEL = "-Onone";
				TARGETED_DEVICE_FAMILY = "1,2";
			};
			name = Debug;
		};
		FB7964FB1EF25CF90047152B /* Release */ = {
			isa = XCBuildConfiguration;
			buildSettings = {
				ALWAYS_SEARCH_USER_PATHS = NO;
				CLANG_ANALYZER_NONNULL = YES;
				CLANG_ANALYZER_NUMBER_OBJECT_CONVERSION = YES_AGGRESSIVE;
				CLANG_CXX_LANGUAGE_STANDARD = "gnu++0x";
				CLANG_CXX_LIBRARY = "libc++";
				CLANG_ENABLE_MODULES = YES;
				CLANG_ENABLE_OBJC_ARC = YES;
				CLANG_WARN_BOOL_CONVERSION = YES;
				CLANG_WARN_CONSTANT_CONVERSION = YES;
				CLANG_WARN_DIRECT_OBJC_ISA_USAGE = YES_ERROR;
				CLANG_WARN_DOCUMENTATION_COMMENTS = YES;
				CLANG_WARN_EMPTY_BODY = YES;
				CLANG_WARN_ENUM_CONVERSION = YES;
				CLANG_WARN_INFINITE_RECURSION = YES;
				CLANG_WARN_INT_CONVERSION = YES;
				CLANG_WARN_OBJC_ROOT_CLASS = YES_ERROR;
				CLANG_WARN_SUSPICIOUS_MOVE = YES;
				CLANG_WARN_UNREACHABLE_CODE = YES;
				CLANG_WARN__DUPLICATE_METHOD_MATCH = YES;
				"CODE_SIGN_IDENTITY[sdk=iphoneos*]" = "iPhone Developer";
				COPY_PHASE_STRIP = NO;
				DEBUG_INFORMATION_FORMAT = "dwarf-with-dsym";
				ENABLE_NS_ASSERTIONS = NO;
				ENABLE_STRICT_OBJC_MSGSEND = YES;
				GCC_C_LANGUAGE_STANDARD = gnu99;
				GCC_NO_COMMON_BLOCKS = YES;
				GCC_WARN_64_TO_32_BIT_CONVERSION = YES;
				GCC_WARN_ABOUT_RETURN_TYPE = YES_ERROR;
				GCC_WARN_UNDECLARED_SELECTOR = YES;
				GCC_WARN_UNINITIALIZED_AUTOS = YES_AGGRESSIVE;
				GCC_WARN_UNUSED_FUNCTION = YES;
				GCC_WARN_UNUSED_VARIABLE = YES;
				IPHONEOS_DEPLOYMENT_TARGET = 10.3;
				MTL_ENABLE_DEBUG_INFO = NO;
				SDKROOT = iphoneos;
				SWIFT_OPTIMIZATION_LEVEL = "-Owholemodule";
				TARGETED_DEVICE_FAMILY = "1,2";
				VALIDATE_PRODUCT = YES;
			};
			name = Release;
		};
		FB7964FD1EF25CF90047152B /* Debug */ = {
			isa = XCBuildConfiguration;
			buildSettings = {
				ASSETCATALOG_COMPILER_APPICON_NAME = AppIcon;
				INFOPLIST_FILE = "My Service/Info.plist";
				LD_RUNPATH_SEARCH_PATHS = "$(inherited) @executable_path/Frameworks";
				PRODUCT_BUNDLE_IDENTIFIER = "Computer.Netchanok.My-Service";
				PRODUCT_NAME = "$(TARGET_NAME)";
				SWIFT_VERSION = 3.0;
			};
			name = Debug;
		};
		FB7964FE1EF25CF90047152B /* Release */ = {
			isa = XCBuildConfiguration;
			buildSettings = {
				ASSETCATALOG_COMPILER_APPICON_NAME = AppIcon;
				INFOPLIST_FILE = "My Service/Info.plist";
				LD_RUNPATH_SEARCH_PATHS = "$(inherited) @executable_path/Frameworks";
				PRODUCT_BUNDLE_IDENTIFIER = "Computer.Netchanok.My-Service";
				PRODUCT_NAME = "$(TARGET_NAME)";
				SWIFT_VERSION = 3.0;
			};
			name = Release;
		};
/* End XCBuildConfiguration section */

/* Begin XCConfigurationList section */
		FB7964E51EF25CF90047152B /* Build configuration list for PBXProject "My Service" */ = {
			isa = XCConfigurationList;
			buildConfigurations = (
				FB7964FA1EF25CF90047152B /* Debug */,
				FB7964FB1EF25CF90047152B /* Release */,
			);
			defaultConfigurationIsVisible = 0;
			defaultConfigurationName = Release;
		};
		FB7964FC1EF25CF90047152B /* Build configuration list for PBXNativeTarget "My Service" */ = {
			isa = XCConfigurationList;
			buildConfigurations = (
				FB7964FD1EF25CF90047152B /* Debug */,
				FB7964FE1EF25CF90047152B /* Release */,
			);
			defaultConfigurationIsVisible = 0;
		};
/* End XCConfigurationList section */
	};
	rootObject = FB7964E21EF25CF90047152B /* Project object */;
}
